PODS:
  - Flutter (1.0.0)
  - flutter_stripe_payment (0.0.8):
    - Flutter
    - Stripe (= 18.3.0)
  - Stripe (18.3.0)

DEPENDENCIES:
  - Flutter (from `.symlinks/flutter/ios`)
  - flutter_stripe_payment (from `.symlinks/plugins/flutter_stripe_payment/ios`)

SPEC REPOS:
  trunk:
    - Stripe

EXTERNAL SOURCES:
  Flutter:
    :path: ".symlinks/flutter/ios"
  flutter_stripe_payment:
    :path: ".symlinks/plugins/flutter_stripe_payment/ios"

SPEC CHECKSUMS:
  Flutter: 0e3d915762c693b495b44d77113d4970485de6ec
  flutter_stripe_payment: d82d252f3e0500536bfe3b09ad9a0d3a7116274a
  Stripe: 35b9a54e698c82163d2ef105187a996d009fd386

PODFILE CHECKSUM: 097b64e1c00903a097fa4231dd174c10dfb3b629

COCOAPODS: 1.8.4
